{
  "name": "lesson",
  "version": "1.0.0",
  "lockfileVersion": 2,
  "requires": true,
  "packages": {
    "": {
      "name": "lesson",
      "version": "1.0.0",
      "license": "ISC",
      "dependencies": {
        "iiko-styles": "^1.0.2"
      },
      "devDependencies": {
        "lodash": "^4.17.21",
        "typescritp": "^1.0.0"
      }
    },
    "node_modules/iiko-styles": {
      "version": "1.0.2",
      "resolved": "https://registry.npmjs.org/iiko-styles/-/iiko-styles-1.0.2.tgz",
      "integrity": "sha512-2YxoxUiLhPuW4F7KIshMVLvrq7CeC8TuILAiwF2MhyySLVo+mdiHasN4esUC+tS8ylFwScjNl7LudeOMRmqebQ=="
    },
    "node_modules/lodash": {
      "version": "4.17.21",
      "resolved": "https://registry.npmjs.org/lodash/-/lodash-4.17.21.tgz",
      "integrity": "sha512-v2kDEe57lecTulaDIuNTPy3Ry4gLGJ6Z1O3vE1krgXZNrsQ+LFTGHVxVjcXPs17LhbZVGedAJv8XZ1tvj5FvSg==",
      "dev": true
    },
    "node_modules/typescritp": {
      "version": "1.0.0",
      "resolved": "https://registry.npmjs.org/typescritp/-/typescritp-1.0.0.tgz",
      "integrity": "sha512-88hSOM0JRNE+lY8LQvwebA6WCf54+FoDUQuNCuoBvHxu+tj76LteTUymKzwuS6VVAuBLfI5xcZyv88sj4yxDaw==",
      "dev": true
    }
  },
  "dependencies": {
    "iiko-styles": {
      "version": "1.0.2",
      "resolved": "https://registry.npmjs.org/iiko-styles/-/iiko-styles-1.0.2.tgz",
      "integrity": "sha512-2YxoxUiLhPuW4F7KIshMVLvrq7CeC8TuILAiwF2MhyySLVo+mdiHasN4esUC+tS8ylFwScjNl7LudeOMRmqebQ=="
    },
    "lodash": {
      "version": "4.17.21",
      "resolved": "https://registry.npmjs.org/lodash/-/lodash-4.17.21.tgz",
      "integrity": "sha512-v2kDEe57lecTulaDIuNTPy3Ry4gLGJ6Z1O3vE1krgXZNrsQ+LFTGHVxVjcXPs17LhbZVGedAJv8XZ1tvj5FvSg==",
      "dev": true
    },
    "typescritp": {
      "version": "1.0.0",
      "resolved": "https://registry.npmjs.org/typescritp/-/typescritp-1.0.0.tgz",
      "integrity": "sha512-88hSOM0JRNE+lY8LQvwebA6WCf54+FoDUQuNCuoBvHxu+tj76LteTUymKzwuS6VVAuBLfI5xcZyv88sj4yxDaw==",
      "dev": true
    }
  }
}
